
Microsoft Visual Studio Solution File, Format Version 12.00
# Visual Studio Version 17
VisualStudioVersion = 17.6.33829.357
MinimumVisualStudioVersion = 10.0.40219.1
Project("{FAE04EC0-301F-11D3-BF4B-00C04F79EFBC}") = "T04", "T04\T04.csproj", "{844CD21C-31AC-4E87-ABE5-F049D1D24A07}"
EndProject
Global
	GlobalSection(SolutionConfigurationPlatforms) = preSolution
		Debug|Any CPU = Debug|Any CPU
		Release|Any CPU = Release|Any CPU
	EndGlobalSection
	GlobalSection(ProjectConfigurationPlatforms) = postSolution
		{844CD21C-31AC-4E87-ABE5-F049D1D24A07}.Debug|Any CPU.ActiveCfg = Debug|Any CPU
		{844CD21C-31AC-4E87-ABE5-F049D1D24A07}.Debug|Any CPU.Build.0 = Debug|Any CPU
		{844CD21C-31AC-4E87-ABE5-F049D1D24A07}.Release|Any CPU.ActiveCfg = Release|Any CPU
		{844CD21C-31AC-4E87-ABE5-F049D1D24A07}.Release|Any CPU.Build.0 = Release|Any CPU
	EndGlobalSection
	GlobalSection(SolutionProperties) = preSolution
		HideSolutionNode = FALSE
	EndGlobalSection
	GlobalSection(ExtensibilityGlobals) = postSolution
		SolutionGuid = {F239369F-EFA0-4B38-95C6-08C3660758AA}
	EndGlobalSection
EndGlobal
