
Microsoft Visual Studio Solution File, Format Version 12.00
# Visual Studio Version 17
VisualStudioVersion = 17.6.33829.357
MinimumVisualStudioVersion = 10.0.40219.1
Project("{FAE04EC0-301F-11D3-BF4B-00C04F79EFBC}") = "T07", "T07\T07.csproj", "{3E8A0D50-7A18-46F8-B1D7-2C2669F983D5}"
EndProject
Global
	GlobalSection(SolutionConfigurationPlatforms) = preSolution
		Debug|Any CPU = Debug|Any CPU
		Release|Any CPU = Release|Any CPU
	EndGlobalSection
	GlobalSection(ProjectConfigurationPlatforms) = postSolution
		{3E8A0D50-7A18-46F8-B1D7-2C2669F983D5}.Debug|Any CPU.ActiveCfg = Debug|Any CPU
		{3E8A0D50-7A18-46F8-B1D7-2C2669F983D5}.Debug|Any CPU.Build.0 = Debug|Any CPU
		{3E8A0D50-7A18-46F8-B1D7-2C2669F983D5}.Release|Any CPU.ActiveCfg = Release|Any CPU
		{3E8A0D50-7A18-46F8-B1D7-2C2669F983D5}.Release|Any CPU.Build.0 = Release|Any CPU
	EndGlobalSection
	GlobalSection(SolutionProperties) = preSolution
		HideSolutionNode = FALSE
	EndGlobalSection
	GlobalSection(ExtensibilityGlobals) = postSolution
		SolutionGuid = {177D9B58-73D8-4FDA-BE65-3AF5DC41AD61}
	EndGlobalSection
EndGlobal
