
Microsoft Visual Studio Solution File, Format Version 12.00
# Visual Studio Version 17
VisualStudioVersion = 17.6.33829.357
MinimumVisualStudioVersion = 10.0.40219.1
Project("{9A19103F-16F7-4668-BE54-9A1E7A4F7556}") = "T01", "T01\T01.csproj", "{62EF14A0-5B6A-4EC7-A714-E4390439A4B8}"
EndProject
Project("{FAE04EC0-301F-11D3-BF4B-00C04F79EFBC}") = "T02", "T02\T02.csproj", "{B2EA6E72-63C6-47D8-B034-5C32267B20F1}"
EndProject
Project("{FAE04EC0-301F-11D3-BF4B-00C04F79EFBC}") = "T03", "T03\T03.csproj", "{943C01A9-EEDC-4D99-8E6A-63DC410C93E0}"
EndProject
Project("{FAE04EC0-301F-11D3-BF4B-00C04F79EFBC}") = "T04", "T04\T04.csproj", "{62FE6F2C-4B4A-45C7-8231-30310BF4C995}"
EndProject
Project("{FAE04EC0-301F-11D3-BF4B-00C04F79EFBC}") = "T05", "T05\T05.csproj", "{FD651F97-56BD-4262-84E2-7EA2FC3B22B1}"
EndProject
Project("{FAE04EC0-301F-11D3-BF4B-00C04F79EFBC}") = "T06", "T06\T06.csproj", "{45029E5A-F049-4E31-8092-32B4D663B2F8}"
EndProject
Project("{FAE04EC0-301F-11D3-BF4B-00C04F79EFBC}") = "T07", "T07\T07.csproj", "{16AAFB75-4A71-49D0-BFEE-462526395FD6}"
EndProject
Project("{FAE04EC0-301F-11D3-BF4B-00C04F79EFBC}") = "T08", "T08\T08.csproj", "{02819554-2AA5-4988-A494-2100A43A5B00}"
EndProject
Project("{FAE04EC0-301F-11D3-BF4B-00C04F79EFBC}") = "T09", "T09\T09.csproj", "{5B98E567-8997-48D5-B207-E4E0463C7E77}"
EndProject
Project("{FAE04EC0-301F-11D3-BF4B-00C04F79EFBC}") = "T10", "T10\T10.csproj", "{6F8882FB-8675-41EF-9672-4ABFA1CCCB93}"
EndProject
Project("{FAE04EC0-301F-11D3-BF4B-00C04F79EFBC}") = "T11", "T11\T11.csproj", "{B4EC8308-7B0F-4245-B6EC-7439934C6E9F}"
EndProject
Global
	GlobalSection(SolutionConfigurationPlatforms) = preSolution
		Debug|Any CPU = Debug|Any CPU
		Release|Any CPU = Release|Any CPU
	EndGlobalSection
	GlobalSection(ProjectConfigurationPlatforms) = postSolution
		{62EF14A0-5B6A-4EC7-A714-E4390439A4B8}.Debug|Any CPU.ActiveCfg = Debug|Any CPU
		{62EF14A0-5B6A-4EC7-A714-E4390439A4B8}.Debug|Any CPU.Build.0 = Debug|Any CPU
		{62EF14A0-5B6A-4EC7-A714-E4390439A4B8}.Release|Any CPU.ActiveCfg = Release|Any CPU
		{62EF14A0-5B6A-4EC7-A714-E4390439A4B8}.Release|Any CPU.Build.0 = Release|Any CPU
		{B2EA6E72-63C6-47D8-B034-5C32267B20F1}.Debug|Any CPU.ActiveCfg = Debug|Any CPU
		{B2EA6E72-63C6-47D8-B034-5C32267B20F1}.Debug|Any CPU.Build.0 = Debug|Any CPU
		{B2EA6E72-63C6-47D8-B034-5C32267B20F1}.Release|Any CPU.ActiveCfg = Release|Any CPU
		{B2EA6E72-63C6-47D8-B034-5C32267B20F1}.Release|Any CPU.Build.0 = Release|Any CPU
		{943C01A9-EEDC-4D99-8E6A-63DC410C93E0}.Debug|Any CPU.ActiveCfg = Debug|Any CPU
		{943C01A9-EEDC-4D99-8E6A-63DC410C93E0}.Debug|Any CPU.Build.0 = Debug|Any CPU
		{943C01A9-EEDC-4D99-8E6A-63DC410C93E0}.Release|Any CPU.ActiveCfg = Release|Any CPU
		{943C01A9-EEDC-4D99-8E6A-63DC410C93E0}.Release|Any CPU.Build.0 = Release|Any CPU
		{62FE6F2C-4B4A-45C7-8231-30310BF4C995}.Debug|Any CPU.ActiveCfg = Debug|Any CPU
		{62FE6F2C-4B4A-45C7-8231-30310BF4C995}.Debug|Any CPU.Build.0 = Debug|Any CPU
		{62FE6F2C-4B4A-45C7-8231-30310BF4C995}.Release|Any CPU.ActiveCfg = Release|Any CPU
		{62FE6F2C-4B4A-45C7-8231-30310BF4C995}.Release|Any CPU.Build.0 = Release|Any CPU
		{FD651F97-56BD-4262-84E2-7EA2FC3B22B1}.Debug|Any CPU.ActiveCfg = Debug|Any CPU
		{FD651F97-56BD-4262-84E2-7EA2FC3B22B1}.Debug|Any CPU.Build.0 = Debug|Any CPU
		{FD651F97-56BD-4262-84E2-7EA2FC3B22B1}.Release|Any CPU.ActiveCfg = Release|Any CPU
		{FD651F97-56BD-4262-84E2-7EA2FC3B22B1}.Release|Any CPU.Build.0 = Release|Any CPU
		{45029E5A-F049-4E31-8092-32B4D663B2F8}.Debug|Any CPU.ActiveCfg = Debug|Any CPU
		{45029E5A-F049-4E31-8092-32B4D663B2F8}.Debug|Any CPU.Build.0 = Debug|Any CPU
		{45029E5A-F049-4E31-8092-32B4D663B2F8}.Release|Any CPU.ActiveCfg = Release|Any CPU
		{45029E5A-F049-4E31-8092-32B4D663B2F8}.Release|Any CPU.Build.0 = Release|Any CPU
		{16AAFB75-4A71-49D0-BFEE-462526395FD6}.Debug|Any CPU.ActiveCfg = Debug|Any CPU
		{16AAFB75-4A71-49D0-BFEE-462526395FD6}.Debug|Any CPU.Build.0 = Debug|Any CPU
		{16AAFB75-4A71-49D0-BFEE-462526395FD6}.Release|Any CPU.ActiveCfg = Release|Any CPU
		{16AAFB75-4A71-49D0-BFEE-462526395FD6}.Release|Any CPU.Build.0 = Release|Any CPU
		{02819554-2AA5-4988-A494-2100A43A5B00}.Debug|Any CPU.ActiveCfg = Debug|Any CPU
		{02819554-2AA5-4988-A494-2100A43A5B00}.Debug|Any CPU.Build.0 = Debug|Any CPU
		{02819554-2AA5-4988-A494-2100A43A5B00}.Release|Any CPU.ActiveCfg = Release|Any CPU
		{02819554-2AA5-4988-A494-2100A43A5B00}.Release|Any CPU.Build.0 = Release|Any CPU
		{5B98E567-8997-48D5-B207-E4E0463C7E77}.Debug|Any CPU.ActiveCfg = Debug|Any CPU
		{5B98E567-8997-48D5-B207-E4E0463C7E77}.Debug|Any CPU.Build.0 = Debug|Any CPU
		{5B98E567-8997-48D5-B207-E4E0463C7E77}.Release|Any CPU.ActiveCfg = Release|Any CPU
		{5B98E567-8997-48D5-B207-E4E0463C7E77}.Release|Any CPU.Build.0 = Release|Any CPU
		{6F8882FB-8675-41EF-9672-4ABFA1CCCB93}.Debug|Any CPU.ActiveCfg = Debug|Any CPU
		{6F8882FB-8675-41EF-9672-4ABFA1CCCB93}.Debug|Any CPU.Build.0 = Debug|Any CPU
		{6F8882FB-8675-41EF-9672-4ABFA1CCCB93}.Release|Any CPU.ActiveCfg = Release|Any CPU
		{6F8882FB-8675-41EF-9672-4ABFA1CCCB93}.Release|Any CPU.Build.0 = Release|Any CPU
		{B4EC8308-7B0F-4245-B6EC-7439934C6E9F}.Debug|Any CPU.ActiveCfg = Debug|Any CPU
		{B4EC8308-7B0F-4245-B6EC-7439934C6E9F}.Debug|Any CPU.Build.0 = Debug|Any CPU
		{B4EC8308-7B0F-4245-B6EC-7439934C6E9F}.Release|Any CPU.ActiveCfg = Release|Any CPU
		{B4EC8308-7B0F-4245-B6EC-7439934C6E9F}.Release|Any CPU.Build.0 = Release|Any CPU
	EndGlobalSection
	GlobalSection(SolutionProperties) = preSolution
		HideSolutionNode = FALSE
	EndGlobalSection
	GlobalSection(ExtensibilityGlobals) = postSolution
		SolutionGuid = {1E464DF9-D298-473F-81C9-B8160ED9C54F}
	EndGlobalSection
EndGlobal
