
Microsoft Visual Studio Solution File, Format Version 12.00
# Visual Studio Version 17
VisualStudioVersion = 17.6.33829.357
MinimumVisualStudioVersion = 10.0.40219.1
Project("{FAE04EC0-301F-11D3-BF4B-00C04F79EFBC}") = "1. Sum Factorial Even Digits", "1. Sum Factorial Even Digits\1. Sum Factorial Even Digits.csproj", "{B66896D0-8852-48F2-87A7-71952B4A2715}"
EndProject
Project("{FAE04EC0-301F-11D3-BF4B-00C04F79EFBC}") = "2.Middle Elements", "02.Middle Elements\2.Middle Elements.csproj", "{B6C80A1D-46A1-437B-AAAF-7A225AF781AC}"
EndProject
Global
	GlobalSection(SolutionConfigurationPlatforms) = preSolution
		Debug|Any CPU = Debug|Any CPU
		Release|Any CPU = Release|Any CPU
	EndGlobalSection
	GlobalSection(ProjectConfigurationPlatforms) = postSolution
		{B66896D0-8852-48F2-87A7-71952B4A2715}.Debug|Any CPU.ActiveCfg = Debug|Any CPU
		{B66896D0-8852-48F2-87A7-71952B4A2715}.Debug|Any CPU.Build.0 = Debug|Any CPU
		{B66896D0-8852-48F2-87A7-71952B4A2715}.Release|Any CPU.ActiveCfg = Release|Any CPU
		{B66896D0-8852-48F2-87A7-71952B4A2715}.Release|Any CPU.Build.0 = Release|Any CPU
		{B6C80A1D-46A1-437B-AAAF-7A225AF781AC}.Debug|Any CPU.ActiveCfg = Debug|Any CPU
		{B6C80A1D-46A1-437B-AAAF-7A225AF781AC}.Debug|Any CPU.Build.0 = Debug|Any CPU
		{B6C80A1D-46A1-437B-AAAF-7A225AF781AC}.Release|Any CPU.ActiveCfg = Release|Any CPU
		{B6C80A1D-46A1-437B-AAAF-7A225AF781AC}.Release|Any CPU.Build.0 = Release|Any CPU
	EndGlobalSection
	GlobalSection(SolutionProperties) = preSolution
		HideSolutionNode = FALSE
	EndGlobalSection
	GlobalSection(ExtensibilityGlobals) = postSolution
		SolutionGuid = {B2FC3D14-723B-4312-BC92-6E720C58E49C}
	EndGlobalSection
EndGlobal
